
Microsoft Visual Studio Solution File, Format Version 12.00
# Visual Studio 2012
Project("{FAE04EC0-301F-11D3-BF4B-00C04F79EFBC}") = "financialApp", "financialApp\financialApp.csproj", "{F4D06913-8963-4A2B-A982-B23415AE0A98}"
EndProject
Global
	GlobalSection(SolutionConfigurationPlatforms) = preSolution
		Debug|Any CPU = Debug|Any CPU
		Release|Any CPU = Release|Any CPU
	EndGlobalSection
	GlobalSection(ProjectConfigurationPlatforms) = postSolution
		{F4D06913-8963-4A2B-A982-B23415AE0A98}.Debug|Any CPU.ActiveCfg = Debug|Any CPU
		{F4D06913-8963-4A2B-A982-B23415AE0A98}.Debug|Any CPU.Build.0 = Debug|Any CPU
		{F4D06913-8963-4A2B-A982-B23415AE0A98}.Release|Any CPU.ActiveCfg = Release|Any CPU
		{F4D06913-8963-4A2B-A982-B23415AE0A98}.Release|Any CPU.Build.0 = Release|Any CPU
	EndGlobalSection
	GlobalSection(SolutionProperties) = preSolution
		HideSolutionNode = FALSE
	EndGlobalSection
EndGlobal
